
Microsoft Visual Studio Solution File, Format Version 12.00
# Visual Studio 15
VisualStudioVersion = 15.0.28307.960
MinimumVisualStudioVersion = 10.0.40219.1
Project("{8BC9CEB8-8B4A-11D0-8D11-00A0C91BC942}") = "IndigoEngine", "IndigoEngine\IndigoEngine.vcxproj", "{8B12DB60-B4CD-46DC-9DDB-489CD30CFBCA}"
EndProject
Global
	GlobalSection(SolutionConfigurationPlatforms) = preSolution
		Debug|x64 = Debug|x64
		Debug|x86 = Debug|x86
		Release|x64 = Release|x64
		Release|x86 = Release|x86
	EndGlobalSection
	GlobalSection(ProjectConfigurationPlatforms) = postSolution
		{8B12DB60-B4CD-46DC-9DDB-489CD30CFBCA}.Debug|x64.ActiveCfg = Debug|x64
		{8B12DB60-B4CD-46DC-9DDB-489CD30CFBCA}.Debug|x64.Build.0 = Debug|x64
		{8B12DB60-B4CD-46DC-9DDB-489CD30CFBCA}.Debug|x86.ActiveCfg = Debug|Win32
		{8B12DB60-B4CD-46DC-9DDB-489CD30CFBCA}.Debug|x86.Build.0 = Debug|Win32
		{8B12DB60-B4CD-46DC-9DDB-489CD30CFBCA}.Release|x64.ActiveCfg = Release|x64
		{8B12DB60-B4CD-46DC-9DDB-489CD30CFBCA}.Release|x64.Build.0 = Release|x64
		{8B12DB60-B4CD-46DC-9DDB-489CD30CFBCA}.Release|x86.ActiveCfg = Release|Win32
		{8B12DB60-B4CD-46DC-9DDB-489CD30CFBCA}.Release|x86.Build.0 = Release|Win32
	EndGlobalSection
	GlobalSection(SolutionProperties) = preSolution
		HideSolutionNode = FALSE
	EndGlobalSection
	GlobalSection(ExtensibilityGlobals) = postSolution
		SolutionGuid = {DF386DC1-7A44-4006-B2EF-3C3426E0438F}
	EndGlobalSection
EndGlobal
